<?xml version="1.0" encoding="utf-8"?>
<Project ToolsVersion="4.0" xmlns="http://schemas.microsoft.com/developer/msbuild/2003">
  <ItemGroup>
    <Filter Include="Fichiers sources">
      <UniqueIdentifier>{4FC737F1-C7A5-4376-A066-2A32D752A2FF}</UniqueIdentifier>
      <Extensions>cpp;c;cc;cxx;def;odl;idl;hpj;bat;asm;asmx</Extensions>
    </Filter>
    <Filter Include="Fichiers d%27en-tête">
      <UniqueIdentifier>{93995380-89BD-4b04-88EB-625FBE52EBFB}</UniqueIdentifier>
      <Extensions>h;hh;hpp;hxx;hm;inl;inc;xsd</Extensions>
    </Filter>
    <Filter Include="Fichiers de ressources">
      <UniqueIdentifier>{67DA6AB6-F800-4c08-8B7A-83BB121AAD01}</UniqueIdentifier>
      <Extensions>rc;ico;cur;bmp;dlg;rc2;rct;bin;rgs;gif;jpg;jpeg;jpe;resx;tiff;tif;png;wav;mfcribbon-ms</Extensions>
    </Filter>
    <Filter Include="Fichiers d%27en-tête\AsyncTask">
      <UniqueIdentifier>{75284376-5ccc-4c2e-bd80-16843f68695f}</UniqueIdentifier>
    </Filter>
    <Filter Include="Fichiers d%27en-tête\Socket">
      <UniqueIdentifier>{bfe5bfc2-1cdb-4dfe-8379-0e6ffed6163c}</UniqueIdentifier>
    </Filter>
    <Filter Include="Fichiers sources\Socket">
      <UniqueIdentifier>{55244859-0544-450f-9e35-1eceb950fb14}</UniqueIdentifier>
    </Filter>
    <Filter Include="Fichiers sources\AsyncTask">
      <UniqueIdentifier>{cfa83f92-5607-4329-9649-cf37c19d1558}</UniqueIdentifier>
    </Filter>
    <Filter Include="Fichiers d%27en-tête\Protocol">
      <UniqueIdentifier>{d4816a10-9cab-43fd-a2fe-d841bd7946df}</UniqueIdentifier>
    </Filter>
    <Filter Include="Fichiers sources\Protocol">
      <UniqueIdentifier>{c2cf6916-5479-48af-affa-c9815f72b61a}</UniqueIdentifier>
    </Filter>
    <Filter Include="Fichiers d%27en-tête\Network">
      <UniqueIdentifier>{3c44bb21-8b13-40c6-b230-b292383a458a}</UniqueIdentifier>
    </Filter>
    <Filter Include="Fichiers sources\Network">
      <UniqueIdentifier>{7f11b994-2561-4767-bdf3-4fcde9d627e6}</UniqueIdentifier>
    </Filter>
    <Filter Include="Fichiers d%27en-tête\Request">
      <UniqueIdentifier>{fc970027-1214-4513-9822-f950aa2c9177}</UniqueIdentifier>
    </Filter>
    <Filter Include="Fichiers sources\Request">
      <UniqueIdentifier>{5abe6407-d932-4aa1-a2ea-118170464a4d}</UniqueIdentifier>
    </Filter>
  </ItemGroup>
  <ItemGroup>
    <ClCompile Include="main.cpp">
      <Filter>Fichiers sources</Filter>
    </ClCompile>
    <ClCompile Include="Application.cpp">
      <Filter>Fichiers sources</Filter>
    </ClCompile>
    <ClCompile Include="Party.cpp">
      <Filter>Fichiers sources</Filter>
    </ClCompile>
    <ClCompile Include="PartyManager.cpp">
      <Filter>Fichiers sources</Filter>
    </ClCompile>
    <ClCompile Include="ThreadPool.cpp">
      <Filter>Fichiers sources</Filter>
    </ClCompile>
    <ClCompile Include="UnixServerSocket.cpp">
      <Filter>Fichiers sources\Socket</Filter>
    </ClCompile>
    <ClCompile Include="UnixSocket.cpp">
      <Filter>Fichiers sources\Socket</Filter>
    </ClCompile>
    <ClCompile Include="WinServerSocket.cpp">
      <Filter>Fichiers sources\Socket</Filter>
    </ClCompile>
    <ClCompile Include="AcceptAsyncTask.cpp">
      <Filter>Fichiers sources\AsyncTask</Filter>
    </ClCompile>
    <ClCompile Include="ReadAsyncTask.cpp">
      <Filter>Fichiers sources\AsyncTask</Filter>
    </ClCompile>
    <ClCompile Include="Buffer.cpp">
      <Filter>Fichiers sources</Filter>
    </ClCompile>
    <ClCompile Include="WriteAsyncTask.cpp">
      <Filter>Fichiers sources\AsyncTask</Filter>
    </ClCompile>
    <ClCompile Include="..\..\api\CMDCollision.cpp">
      <Filter>Fichiers sources\Protocol</Filter>
    </ClCompile>
    <ClCompile Include="..\..\api\CMDConnect.cpp">
      <Filter>Fichiers sources\Protocol</Filter>
    </ClCompile>
    <ClCompile Include="..\..\api\CMDCreateParty.cpp">
      <Filter>Fichiers sources\Protocol</Filter>
    </ClCompile>
    <ClCompile Include="..\..\api\CMDDisconnected.cpp">
      <Filter>Fichiers sources\Protocol</Filter>
    </ClCompile>
    <ClCompile Include="..\..\api\CMDError.cpp">
      <Filter>Fichiers sources\Protocol</Filter>
    </ClCompile>
    <ClCompile Include="..\..\api\CMDFire.cpp">
      <Filter>Fichiers sources\Protocol</Filter>
    </ClCompile>
    <ClCompile Include="..\..\api\CMDMove.cpp">
      <Filter>Fichiers sources\Protocol</Filter>
    </ClCompile>
    <ClCompile Include="..\..\api\CMDPing.cpp">
      <Filter>Fichiers sources\Protocol</Filter>
    </ClCompile>
    <ClCompile Include="..\..\api\CMDSpawn.cpp">
      <Filter>Fichiers sources\Protocol</Filter>
    </ClCompile>
    <ClCompile Include="..\..\api\CommandFactory.cpp">
      <Filter>Fichiers sources\Protocol</Filter>
    </ClCompile>
    <ClCompile Include="..\..\common\StaticTools.cpp">
      <Filter>Fichiers sources</Filter>
    </ClCompile>
    <ClCompile Include="TCPWinSocket.cpp">
      <Filter>Fichiers sources\Socket</Filter>
    </ClCompile>
    <ClCompile Include="UDPWinSocket.cpp">
      <Filter>Fichiers sources\Socket</Filter>
    </ClCompile>
    <ClCompile Include="UDPServer.cpp">
      <Filter>Fichiers sources\Network</Filter>
    </ClCompile>
    <ClCompile Include="TCPServer.cpp">
      <Filter>Fichiers sources\Network</Filter>
    </ClCompile>
    <ClCompile Include="TCPConnection.cpp">
      <Filter>Fichiers sources\Network</Filter>
    </ClCompile>
    <ClCompile Include="AServer.cpp">
      <Filter>Fichiers sources\Network</Filter>
    </ClCompile>
    <ClCompile Include="AConnection.cpp">
      <Filter>Fichiers sources\Network</Filter>
    </ClCompile>
    <ClCompile Include="ConnectionManager.cpp">
      <Filter>Fichiers sources\Network</Filter>
    </ClCompile>
    <ClCompile Include="UDPConnection.cpp">
      <Filter>Fichiers sources\Network</Filter>
    </ClCompile>
    <ClCompile Include="ReceiveFromAsyncTask.cpp">
      <Filter>Fichiers sources\AsyncTask</Filter>
    </ClCompile>
    <ClCompile Include="SendToAsyncTask.cpp">
      <Filter>Fichiers sources\AsyncTask</Filter>
    </ClCompile>
    <ClCompile Include="RequestBuilder.cpp">
      <Filter>Fichiers sources\Request</Filter>
    </ClCompile>
    <ClCompile Include="RequestHandler.cpp">
      <Filter>Fichiers sources\Request</Filter>
    </ClCompile>
    <ClCompile Include="RequestConnect.cpp">
      <Filter>Fichiers sources\Request</Filter>
    </ClCompile>
  </ItemGroup>
  <ItemGroup>
    <ClInclude Include="Application.hpp">
      <Filter>Fichiers d%27en-tête</Filter>
    </ClInclude>
    <ClInclude Include="Party.hpp">
      <Filter>Fichiers d%27en-tête</Filter>
    </ClInclude>
    <ClInclude Include="PartyManager.hpp">
      <Filter>Fichiers d%27en-tête</Filter>
    </ClInclude>
    <ClInclude Include="ThreadPool.hpp">
      <Filter>Fichiers d%27en-tête</Filter>
    </ClInclude>
    <ClInclude Include="UnixServerSocket.hpp">
      <Filter>Fichiers d%27en-tête\Socket</Filter>
    </ClInclude>
    <ClInclude Include="UnixSocket.hpp">
      <Filter>Fichiers d%27en-tête\Socket</Filter>
    </ClInclude>
    <ClInclude Include="WinServerSocket.hpp">
      <Filter>Fichiers d%27en-tête\Socket</Filter>
    </ClInclude>
    <ClInclude Include="IServerSocket.hpp">
      <Filter>Fichiers d%27en-tête\Socket</Filter>
    </ClInclude>
    <ClInclude Include="ITask.hpp">
      <Filter>Fichiers d%27en-tête\AsyncTask</Filter>
    </ClInclude>
    <ClInclude Include="AcceptAsyncTask.hpp">
      <Filter>Fichiers d%27en-tête\AsyncTask</Filter>
    </ClInclude>
    <ClInclude Include="ReadAsyncTask.hpp">
      <Filter>Fichiers d%27en-tête\AsyncTask</Filter>
    </ClInclude>
    <ClInclude Include="Buffer.hpp">
      <Filter>Fichiers d%27en-tête</Filter>
    </ClInclude>
    <ClInclude Include="ISocket.hpp">
      <Filter>Fichiers d%27en-tête\Socket</Filter>
    </ClInclude>
    <ClInclude Include="WriteAsyncTask.hpp">
      <Filter>Fichiers d%27en-tête\AsyncTask</Filter>
    </ClInclude>
    <ClInclude Include="..\..\api\CMDCollision.hpp">
      <Filter>Fichiers d%27en-tête\Protocol</Filter>
    </ClInclude>
    <ClInclude Include="..\..\api\CMDConnect.hpp">
      <Filter>Fichiers d%27en-tête\Protocol</Filter>
    </ClInclude>
    <ClInclude Include="..\..\api\CMDCreateParty.hpp">
      <Filter>Fichiers d%27en-tête\Protocol</Filter>
    </ClInclude>
    <ClInclude Include="..\..\api\CMDDisconnected.hpp">
      <Filter>Fichiers d%27en-tête\Protocol</Filter>
    </ClInclude>
    <ClInclude Include="..\..\api\CMDError.hpp">
      <Filter>Fichiers d%27en-tête\Protocol</Filter>
    </ClInclude>
    <ClInclude Include="..\..\api\CMDFire.hpp">
      <Filter>Fichiers d%27en-tête\Protocol</Filter>
    </ClInclude>
    <ClInclude Include="..\..\api\CMDMove.hpp">
      <Filter>Fichiers d%27en-tête\Protocol</Filter>
    </ClInclude>
    <ClInclude Include="..\..\api\CMDPing.hpp">
      <Filter>Fichiers d%27en-tête\Protocol</Filter>
    </ClInclude>
    <ClInclude Include="..\..\api\CMDSpawn.hpp">
      <Filter>Fichiers d%27en-tête\Protocol</Filter>
    </ClInclude>
    <ClInclude Include="..\..\api\CommandFactory.hpp">
      <Filter>Fichiers d%27en-tête\Protocol</Filter>
    </ClInclude>
    <ClInclude Include="..\..\api\ICommand.hpp">
      <Filter>Fichiers d%27en-tête\Protocol</Filter>
    </ClInclude>
    <ClInclude Include="..\..\common\StaticTools.hpp">
      <Filter>Fichiers d%27en-tête</Filter>
    </ClInclude>
    <ClInclude Include="..\..\api\Protocol.hpp">
      <Filter>Fichiers d%27en-tête\Protocol</Filter>
    </ClInclude>
    <ClInclude Include="..\..\api\CommandType.hpp">
      <Filter>Fichiers d%27en-tête\Protocol</Filter>
    </ClInclude>
    <ClInclude Include="TCPWinSocket.hpp">
      <Filter>Fichiers d%27en-tête\Socket</Filter>
    </ClInclude>
    <ClInclude Include="ITCPSocket.hpp">
      <Filter>Fichiers d%27en-tête\Socket</Filter>
    </ClInclude>
    <ClInclude Include="IUDPSocket.hpp">
      <Filter>Fichiers d%27en-tête\Socket</Filter>
    </ClInclude>
    <ClInclude Include="UDPWinSocket.hpp">
      <Filter>Fichiers d%27en-tête\Socket</Filter>
    </ClInclude>
    <ClInclude Include="TCPConnection.hpp">
      <Filter>Fichiers d%27en-tête\Network</Filter>
    </ClInclude>
    <ClInclude Include="TCPServer.hpp">
      <Filter>Fichiers d%27en-tête\Network</Filter>
    </ClInclude>
    <ClInclude Include="AConnection.hpp">
      <Filter>Fichiers d%27en-tête\Network</Filter>
    </ClInclude>
    <ClInclude Include="AServer.hpp">
      <Filter>Fichiers d%27en-tête\Network</Filter>
    </ClInclude>
    <ClInclude Include="ConnectionManager.hpp">
      <Filter>Fichiers d%27en-tête\Network</Filter>
    </ClInclude>
    <ClInclude Include="UDPServer.hpp">
      <Filter>Fichiers d%27en-tête\Network</Filter>
    </ClInclude>
    <ClInclude Include="UDPConnection.hpp">
      <Filter>Fichiers d%27en-tête\Network</Filter>
    </ClInclude>
    <ClInclude Include="Endpoint.hpp">
      <Filter>Fichiers d%27en-tête\Network</Filter>
    </ClInclude>
    <ClInclude Include="ReceiveFromAsyncTask.hpp">
      <Filter>Fichiers d%27en-tête\AsyncTask</Filter>
    </ClInclude>
    <ClInclude Include="SendToAsyncTask.hpp">
      <Filter>Fichiers d%27en-tête\AsyncTask</Filter>
    </ClInclude>
    <ClInclude Include="RequestConnect.hpp">
      <Filter>Fichiers d%27en-tête\Request</Filter>
    </ClInclude>
    <ClInclude Include="RequestHandler.hpp">
      <Filter>Fichiers d%27en-tête\Request</Filter>
    </ClInclude>
    <ClInclude Include="RequestBuilder.hpp">
      <Filter>Fichiers d%27en-tête\Request</Filter>
    </ClInclude>
    <ClInclude Include="IRequest.hpp">
      <Filter>Fichiers d%27en-tête\Request</Filter>
    </ClInclude>
  </ItemGroup>
</Project>