<?xml version="1.0" encoding="utf-8"?>
<Project ToolsVersion="4.0" xmlns="http://schemas.microsoft.com/developer/msbuild/2003">
  <ItemGroup>
    <Filter Include="Fichiers sources">
      <UniqueIdentifier>{4FC737F1-C7A5-4376-A066-2A32D752A2FF}</UniqueIdentifier>
      <Extensions>cpp;c;cc;cxx;def;odl;idl;hpj;bat;asm;asmx</Extensions>
    </Filter>
    <Filter Include="Fichiers d%27en-tête">
      <UniqueIdentifier>{93995380-89BD-4b04-88EB-625FBE52EBFB}</UniqueIdentifier>
      <Extensions>h;hh;hpp;hxx;hm;inl;inc;xsd</Extensions>
    </Filter>
    <Filter Include="Fichiers de ressources">
      <UniqueIdentifier>{67DA6AB6-F800-4c08-8B7A-83BB121AAD01}</UniqueIdentifier>
      <Extensions>rc;ico;cur;bmp;dlg;rc2;rct;bin;rgs;gif;jpg;jpeg;jpe;resx;tiff;tif;png;wav;mfcribbon-ms</Extensions>
    </Filter>
    <Filter Include="Fichiers d%27en-tête\AsyncTask">
      <UniqueIdentifier>{75284376-5ccc-4c2e-bd80-16843f68695f}</UniqueIdentifier>
    </Filter>
    <Filter Include="Fichiers d%27en-tête\Socket">
      <UniqueIdentifier>{bfe5bfc2-1cdb-4dfe-8379-0e6ffed6163c}</UniqueIdentifier>
    </Filter>
    <Filter Include="Fichiers sources\Socket">
      <UniqueIdentifier>{55244859-0544-450f-9e35-1eceb950fb14}</UniqueIdentifier>
    </Filter>
    <Filter Include="Fichiers sources\AsyncTask">
      <UniqueIdentifier>{cfa83f92-5607-4329-9649-cf37c19d1558}</UniqueIdentifier>
    </Filter>
  </ItemGroup>
  <ItemGroup>
    <ClCompile Include="main.cpp">
      <Filter>Fichiers sources</Filter>
    </ClCompile>
    <ClCompile Include="AConnection.cpp">
      <Filter>Fichiers sources</Filter>
    </ClCompile>
    <ClCompile Include="Application.cpp">
      <Filter>Fichiers sources</Filter>
    </ClCompile>
    <ClCompile Include="AServer.cpp">
      <Filter>Fichiers sources</Filter>
    </ClCompile>
    <ClCompile Include="ConnectionManager.cpp">
      <Filter>Fichiers sources</Filter>
    </ClCompile>
    <ClCompile Include="Party.cpp">
      <Filter>Fichiers sources</Filter>
    </ClCompile>
    <ClCompile Include="PartyManager.cpp">
      <Filter>Fichiers sources</Filter>
    </ClCompile>
    <ClCompile Include="RequestBuilder.cpp">
      <Filter>Fichiers sources</Filter>
    </ClCompile>
    <ClCompile Include="RequestHandler.cpp">
      <Filter>Fichiers sources</Filter>
    </ClCompile>
    <ClCompile Include="UDPServer.cpp">
      <Filter>Fichiers sources</Filter>
    </ClCompile>
    <ClCompile Include="TCPServer.cpp">
      <Filter>Fichiers sources</Filter>
    </ClCompile>
    <ClCompile Include="StaticTools.cpp">
      <Filter>Fichiers sources</Filter>
    </ClCompile>
    <ClCompile Include="ThreadPool.cpp">
      <Filter>Fichiers sources</Filter>
    </ClCompile>
    <ClCompile Include="UnixServerSocket.cpp">
      <Filter>Fichiers sources\Socket</Filter>
    </ClCompile>
    <ClCompile Include="UnixSocket.cpp">
      <Filter>Fichiers sources\Socket</Filter>
    </ClCompile>
    <ClCompile Include="WinServerSocket.cpp">
      <Filter>Fichiers sources\Socket</Filter>
    </ClCompile>
    <ClCompile Include="WinSocket.cpp">
      <Filter>Fichiers sources\Socket</Filter>
    </ClCompile>
    <ClCompile Include="AcceptAsyncTask.cpp">
      <Filter>Fichiers sources\AsyncTask</Filter>
    </ClCompile>
    <ClCompile Include="ReadAsyncTask.cpp">
      <Filter>Fichiers sources\AsyncTask</Filter>
    </ClCompile>
    <ClCompile Include="Buffer.cpp">
      <Filter>Fichiers sources</Filter>
    </ClCompile>
  </ItemGroup>
  <ItemGroup>
    <ClInclude Include="Application.hpp">
      <Filter>Fichiers d%27en-tête</Filter>
    </ClInclude>
    <ClInclude Include="IRequest.hpp">
      <Filter>Fichiers d%27en-tête</Filter>
    </ClInclude>
    <ClInclude Include="Protocol.hpp">
      <Filter>Fichiers d%27en-tête</Filter>
    </ClInclude>
    <ClInclude Include="AConnection.hpp">
      <Filter>Fichiers d%27en-tête</Filter>
    </ClInclude>
    <ClInclude Include="AServer.hpp">
      <Filter>Fichiers d%27en-tête</Filter>
    </ClInclude>
    <ClInclude Include="ConnectionManager.hpp">
      <Filter>Fichiers d%27en-tête</Filter>
    </ClInclude>
    <ClInclude Include="Party.hpp">
      <Filter>Fichiers d%27en-tête</Filter>
    </ClInclude>
    <ClInclude Include="PartyManager.hpp">
      <Filter>Fichiers d%27en-tête</Filter>
    </ClInclude>
    <ClInclude Include="RequestBuilder.hpp">
      <Filter>Fichiers d%27en-tête</Filter>
    </ClInclude>
    <ClInclude Include="RequestHandler.hpp">
      <Filter>Fichiers d%27en-tête</Filter>
    </ClInclude>
    <ClInclude Include="UDPServer.hpp">
      <Filter>Fichiers d%27en-tête</Filter>
    </ClInclude>
    <ClInclude Include="TCPServer.hpp">
      <Filter>Fichiers d%27en-tête</Filter>
    </ClInclude>
    <ClInclude Include="StaticTools.hpp">
      <Filter>Fichiers d%27en-tête</Filter>
    </ClInclude>
    <ClInclude Include="ThreadPool.hpp">
      <Filter>Fichiers d%27en-tête</Filter>
    </ClInclude>
    <ClInclude Include="UnixServerSocket.hpp">
      <Filter>Fichiers d%27en-tête\Socket</Filter>
    </ClInclude>
    <ClInclude Include="UnixSocket.hpp">
      <Filter>Fichiers d%27en-tête\Socket</Filter>
    </ClInclude>
    <ClInclude Include="WinServerSocket.hpp">
      <Filter>Fichiers d%27en-tête\Socket</Filter>
    </ClInclude>
    <ClInclude Include="WinSocket.hpp">
      <Filter>Fichiers d%27en-tête\Socket</Filter>
    </ClInclude>
    <ClInclude Include="IServerSocket.hpp">
      <Filter>Fichiers d%27en-tête\Socket</Filter>
    </ClInclude>
    <ClInclude Include="ITask.hpp">
      <Filter>Fichiers d%27en-tête\AsyncTask</Filter>
    </ClInclude>
    <ClInclude Include="AcceptAsyncTask.hpp">
      <Filter>Fichiers d%27en-tête\AsyncTask</Filter>
    </ClInclude>
    <ClInclude Include="ReadAsyncTask.hpp">
      <Filter>Fichiers d%27en-tête\AsyncTask</Filter>
    </ClInclude>
    <ClInclude Include="Buffer.hpp">
      <Filter>Fichiers d%27en-tête</Filter>
    </ClInclude>
    <ClInclude Include="SocketType.hpp">
      <Filter>Fichiers d%27en-tête\Socket</Filter>
    </ClInclude>
    <ClInclude Include="ISocket.hpp">
      <Filter>Fichiers d%27en-tête\Socket</Filter>
    </ClInclude>
  </ItemGroup>
</Project>