<?xml version="1.0" encoding="utf-8"?>
<Project ToolsVersion="4.0" xmlns="http://schemas.microsoft.com/developer/msbuild/2003">
  <ItemGroup>
    <Filter Include="Fichiers sources">
      <UniqueIdentifier>{4FC737F1-C7A5-4376-A066-2A32D752A2FF}</UniqueIdentifier>
      <Extensions>cpp;c;cc;cxx;def;odl;idl;hpj;bat;asm;asmx</Extensions>
    </Filter>
    <Filter Include="Fichiers de ressources">
      <UniqueIdentifier>{67DA6AB6-F800-4c08-8B7A-83BB121AAD01}</UniqueIdentifier>
      <Extensions>rc;ico;cur;bmp;dlg;rc2;rct;bin;rgs;gif;jpg;jpeg;jpe;resx;tiff;tif;png;wav;mfcribbon-ms</Extensions>
    </Filter>
    <Filter Include="Fichiers sources\graphics">
      <UniqueIdentifier>{e747771d-5676-4d6b-95d3-c807432730e5}</UniqueIdentifier>
    </Filter>
    <Filter Include="Fichiers sources\network">
      <UniqueIdentifier>{4bbecc0b-9197-49c0-97ab-a301d0fa9397}</UniqueIdentifier>
    </Filter>
    <Filter Include="Fichiers sources\tools">
      <UniqueIdentifier>{e9273712-229f-4b08-9853-92cc29b79aa4}</UniqueIdentifier>
    </Filter>
    <Filter Include="Fichiers sources\resources">
      <UniqueIdentifier>{aa2bf634-c168-4fd6-b794-df00a0ddb517}</UniqueIdentifier>
    </Filter>
    <Filter Include="Fichiers sources\protocol">
      <UniqueIdentifier>{70a2c2e7-5baa-43ae-8673-610ef1ed2618}</UniqueIdentifier>
    </Filter>
    <Filter Include="Fichiers sources\request">
      <UniqueIdentifier>{99f3ae9e-8bfc-4c8e-aa20-09feacb201e8}</UniqueIdentifier>
    </Filter>
    <Filter Include="Fichiers d%27en-tête">
      <UniqueIdentifier>{93995380-89BD-4b04-88EB-625FBE52EBFB}</UniqueIdentifier>
      <Extensions>h;hh;hpp;hxx;hm;inl;inc;xsd</Extensions>
    </Filter>
    <Filter Include="Fichiers d%27en-tête\network">
      <UniqueIdentifier>{feeff595-033b-47fb-bf16-f8bff9feb36e}</UniqueIdentifier>
    </Filter>
    <Filter Include="Fichiers d%27en-tête\tools">
      <UniqueIdentifier>{5a23629c-6854-41e6-a354-bb0af2cfa69b}</UniqueIdentifier>
    </Filter>
    <Filter Include="Fichiers d%27en-tête\resources">
      <UniqueIdentifier>{6ffd3e14-3a16-431d-84e8-a30772f6b92b}</UniqueIdentifier>
    </Filter>
    <Filter Include="Fichiers d%27en-tête\game">
      <UniqueIdentifier>{fffd7ae6-d601-4b1e-a81d-c6a114e3d412}</UniqueIdentifier>
    </Filter>
    <Filter Include="Fichiers d%27en-tête\protocol">
      <UniqueIdentifier>{046575cd-8e98-4910-a928-6d29aba3ae94}</UniqueIdentifier>
    </Filter>
    <Filter Include="Fichiers d%27en-tête\request">
      <UniqueIdentifier>{d1edc5ef-3d94-4d8c-bdfd-82bb589c6477}</UniqueIdentifier>
    </Filter>
    <Filter Include="Fichiers d%27en-tête\graphics">
      <UniqueIdentifier>{145012cb-9c3e-49d0-ad4a-a6855a577e6f}</UniqueIdentifier>
    </Filter>
    <Filter Include="Fichiers sources\game">
      <UniqueIdentifier>{ae5ddbed-8cb6-4644-b957-55c1b74c2da0}</UniqueIdentifier>
    </Filter>
    <Filter Include="Fichiers d%27en-tête\menu">
      <UniqueIdentifier>{284b3e0b-bfb4-495c-bed3-63bc2e1351d2}</UniqueIdentifier>
    </Filter>
    <Filter Include="Fichiers sources\menu">
      <UniqueIdentifier>{d65c8426-17e6-411e-86e5-2c58306af44e}</UniqueIdentifier>
    </Filter>
  </ItemGroup>
  <ItemGroup>
    <ClCompile Include="main.cpp">
      <Filter>Fichiers sources</Filter>
    </ClCompile>
    <ClCompile Include="Application.cpp">
      <Filter>Fichiers sources</Filter>
    </ClCompile>
    <ClCompile Include="AController.cpp">
      <Filter>Fichiers sources</Filter>
    </ClCompile>
    <ClCompile Include="Background.cpp">
      <Filter>Fichiers sources</Filter>
    </ClCompile>
    <ClCompile Include="ACollidable.cpp">
      <Filter>Fichiers sources\graphics</Filter>
    </ClCompile>
    <ClCompile Include="ADrawable.cpp">
      <Filter>Fichiers sources\graphics</Filter>
    </ClCompile>
    <ClCompile Include="AEntity.cpp">
      <Filter>Fichiers sources\graphics</Filter>
    </ClCompile>
    <ClCompile Include="AActor.cpp">
      <Filter>Fichiers sources\graphics</Filter>
    </ClCompile>
    <ClCompile Include="ADestroyable.cpp">
      <Filter>Fichiers sources\graphics</Filter>
    </ClCompile>
    <ClCompile Include="AMoveable.cpp">
      <Filter>Fichiers sources\graphics</Filter>
    </ClCompile>
    <ClCompile Include="AProjectile.cpp">
      <Filter>Fichiers sources\graphics</Filter>
    </ClCompile>
    <ClCompile Include="AShip.cpp">
      <Filter>Fichiers sources\graphics</Filter>
    </ClCompile>
    <ClCompile Include="ANPC.cpp">
      <Filter>Fichiers sources\graphics</Filter>
    </ClCompile>
    <ClCompile Include="AArea.cpp">
      <Filter>Fichiers sources\graphics</Filter>
    </ClCompile>
    <ClCompile Include="AStatic.cpp">
      <Filter>Fichiers sources\graphics</Filter>
    </ClCompile>
    <ClCompile Include="ABlock.cpp">
      <Filter>Fichiers sources\graphics</Filter>
    </ClCompile>
    <ClCompile Include="LoadArea.cpp">
      <Filter>Fichiers sources\graphics</Filter>
    </ClCompile>
    <ClCompile Include="DisplayArea.cpp">
      <Filter>Fichiers sources\graphics</Filter>
    </ClCompile>
    <ClCompile Include="UnloadArea.cpp">
      <Filter>Fichiers sources\graphics</Filter>
    </ClCompile>
    <ClCompile Include="UDPClient.cpp">
      <Filter>Fichiers sources\network</Filter>
    </ClCompile>
    <ClCompile Include="TCPClient.cpp">
      <Filter>Fichiers sources\network</Filter>
    </ClCompile>
    <ClCompile Include="XMLReader.cpp">
      <Filter>Fichiers sources\tools</Filter>
    </ClCompile>
    <ClCompile Include="Timer.cpp">
      <Filter>Fichiers sources\tools</Filter>
    </ClCompile>
    <ClCompile Include="MemoryFile.cpp">
      <Filter>Fichiers sources\tools</Filter>
    </ClCompile>
    <ClCompile Include="ProjectResource.cpp">
      <Filter>Fichiers sources\resources</Filter>
    </ClCompile>
    <ClCompile Include="LevelResource.cpp">
      <Filter>Fichiers sources\resources</Filter>
    </ClCompile>
    <ClCompile Include="MusicBox.cpp">
      <Filter>Fichiers sources\resources</Filter>
    </ClCompile>
    <ClCompile Include="SoundBox.cpp">
      <Filter>Fichiers sources\resources</Filter>
    </ClCompile>
    <ClCompile Include="APC.cpp">
      <Filter>Fichiers sources\graphics</Filter>
    </ClCompile>
    <ClCompile Include="Player.cpp">
      <Filter>Fichiers sources\graphics</Filter>
    </ClCompile>
    <ClCompile Include="World.cpp">
      <Filter>Fichiers sources\game</Filter>
    </ClCompile>
    <ClCompile Include="FPSCounter.cpp">
      <Filter>Fichiers sources\game</Filter>
    </ClCompile>
    <ClCompile Include="Explosion.cpp">
      <Filter>Fichiers sources\graphics</Filter>
    </ClCompile>
    <ClCompile Include="InputHandler.cpp">
      <Filter>Fichiers sources\game</Filter>
    </ClCompile>
    <ClCompile Include="AExplosion.cpp">
      <Filter>Fichiers sources\graphics</Filter>
    </ClCompile>
    <ClCompile Include="..\..\..\api\CMDCollision.cpp">
      <Filter>Fichiers sources\protocol</Filter>
    </ClCompile>
    <ClCompile Include="..\..\..\api\CMDCreateParty.cpp">
      <Filter>Fichiers sources\protocol</Filter>
    </ClCompile>
    <ClCompile Include="..\..\..\api\CMDDisconnected.cpp">
      <Filter>Fichiers sources\protocol</Filter>
    </ClCompile>
    <ClCompile Include="..\..\..\api\CMDError.cpp">
      <Filter>Fichiers sources\protocol</Filter>
    </ClCompile>
    <ClCompile Include="..\..\..\api\CMDFire.cpp">
      <Filter>Fichiers sources\protocol</Filter>
    </ClCompile>
    <ClCompile Include="..\..\..\api\CMDPing.cpp">
      <Filter>Fichiers sources\protocol</Filter>
    </ClCompile>
    <ClCompile Include="..\..\..\api\CMDSpawn.cpp">
      <Filter>Fichiers sources\protocol</Filter>
    </ClCompile>
    <ClCompile Include="..\..\..\api\CommandFactory.cpp">
      <Filter>Fichiers sources\protocol</Filter>
    </ClCompile>
    <ClCompile Include="..\..\..\api\CMDMove.cpp">
      <Filter>Fichiers sources\protocol</Filter>
    </ClCompile>
    <ClCompile Include="..\..\..\api\CMDConnect.cpp">
      <Filter>Fichiers sources\protocol</Filter>
    </ClCompile>
    <ClCompile Include="..\..\..\common\StaticTools.cpp">
      <Filter>Fichiers sources\tools</Filter>
    </ClCompile>
    <ClCompile Include="Laser.cpp">
      <Filter>Fichiers sources\graphics</Filter>
    </ClCompile>
    <ClCompile Include="RequestBuilder.cpp">
      <Filter>Fichiers sources\request</Filter>
    </ClCompile>
    <ClCompile Include="RequestHandler.cpp">
      <Filter>Fichiers sources\request</Filter>
    </ClCompile>
    <ClCompile Include="RequestSpawn.cpp">
      <Filter>Fichiers sources\request</Filter>
    </ClCompile>
    <ClCompile Include="Mate.cpp">
      <Filter>Fichiers sources\graphics</Filter>
    </ClCompile>
    <ClCompile Include="MainMenuResource.cpp">
      <Filter>Fichiers sources\resources</Filter>
    </ClCompile>
    <ClCompile Include="MainMenuController.cpp">
      <Filter>Fichiers sources\menu</Filter>
    </ClCompile>
    <ClCompile Include="MenuButton.cpp">
      <Filter>Fichiers sources\menu</Filter>
    </ClCompile>
    <ClCompile Include="RequestDisconnect.cpp">
      <Filter>Fichiers sources\request</Filter>
    </ClCompile>
    <ClCompile Include="RequestMove.cpp">
      <Filter>Fichiers sources\request</Filter>
    </ClCompile>
    <ClCompile Include="RequestCollision.cpp">
      <Filter>Fichiers sources\request</Filter>
    </ClCompile>
    <ClCompile Include="..\..\..\api\CMDDestroyed.cpp">
      <Filter>Fichiers sources\protocol</Filter>
    </ClCompile>
    <ClCompile Include="RequestFire.cpp">
      <Filter>Fichiers sources\request</Filter>
    </ClCompile>
    <ClCompile Include="..\..\..\api\CMDScore.cpp">
      <Filter>Fichiers sources\protocol</Filter>
    </ClCompile>
    <ClCompile Include="Powdered.cpp">
      <Filter>Fichiers sources\graphics</Filter>
    </ClCompile>
    <ClCompile Include="LoadedPowdered.cpp">
      <Filter>Fichiers sources\graphics</Filter>
    </ClCompile>
    <ClCompile Include="..\..\..\api\CMDPowder.cpp">
      <Filter>Fichiers sources\protocol</Filter>
    </ClCompile>
    <ClCompile Include="RequestPowder.cpp">
      <Filter>Fichiers sources\request</Filter>
    </ClCompile>
    <ClCompile Include="GameController.cpp">
      <Filter>Fichiers sources\game</Filter>
    </ClCompile>
    <ClCompile Include="LoadingController.cpp">
      <Filter>Fichiers sources\game</Filter>
    </ClCompile>
    <ClCompile Include="RequestDestroyed.cpp">
      <Filter>Fichiers sources\request</Filter>
    </ClCompile>
    <ClCompile Include="ConnectionLostController.cpp">
      <Filter>Fichiers sources\game</Filter>
    </ClCompile>
    <ClCompile Include="HUDController.cpp">
      <Filter>Fichiers sources\game</Filter>
    </ClCompile>
    <ClCompile Include="Health.cpp">
      <Filter>Fichiers sources\game</Filter>
    </ClCompile>
    <ClCompile Include="LoadedShotLayout.cpp">
      <Filter>Fichiers sources\game</Filter>
    </ClCompile>
    <ClCompile Include="..\..\..\api\CMDRespawn.cpp">
      <Filter>Fichiers sources\protocol</Filter>
    </ClCompile>
    <ClCompile Include="RequestRespawn.cpp">
      <Filter>Fichiers sources\request</Filter>
    </ClCompile>
    <ClCompile Include="..\..\..\api\CMDGetParty.cpp">
      <Filter>Fichiers sources\protocol</Filter>
    </ClCompile>
    <ClCompile Include="RequestGetParty.cpp">
      <Filter>Fichiers sources\request</Filter>
    </ClCompile>
    <ClCompile Include="..\..\..\api\CMDGameStatus.cpp">
      <Filter>Fichiers sources\protocol</Filter>
    </ClCompile>
    <ClCompile Include="RequestGameStatus.cpp">
      <Filter>Fichiers sources\request</Filter>
    </ClCompile>
    <ClCompile Include="GameOverController.cpp">
      <Filter>Fichiers sources\game</Filter>
    </ClCompile>
    <ClCompile Include="..\..\..\common\Generator.cpp">
      <Filter>Fichiers sources\tools</Filter>
    </ClCompile>
  </ItemGroup>
  <ItemGroup>
    <ClInclude Include="Application.hpp">
      <Filter>Fichiers d%27en-tête</Filter>
    </ClInclude>
    <ClInclude Include="AController.hpp">
      <Filter>Fichiers d%27en-tête</Filter>
    </ClInclude>
    <ClInclude Include="ADrawable.hpp">
      <Filter>Fichiers d%27en-tête\graphics</Filter>
    </ClInclude>
    <ClInclude Include="AEntity.hpp">
      <Filter>Fichiers d%27en-tête\graphics</Filter>
    </ClInclude>
    <ClInclude Include="AActor.hpp">
      <Filter>Fichiers d%27en-tête\graphics</Filter>
    </ClInclude>
    <ClInclude Include="ACollidable.hpp">
      <Filter>Fichiers d%27en-tête\graphics</Filter>
    </ClInclude>
    <ClInclude Include="ADestroyable.hpp">
      <Filter>Fichiers d%27en-tête\graphics</Filter>
    </ClInclude>
    <ClInclude Include="AMoveable.hpp">
      <Filter>Fichiers d%27en-tête\graphics</Filter>
    </ClInclude>
    <ClInclude Include="AProjectile.hpp">
      <Filter>Fichiers d%27en-tête\graphics</Filter>
    </ClInclude>
    <ClInclude Include="ANPC.hpp">
      <Filter>Fichiers d%27en-tête\graphics</Filter>
    </ClInclude>
    <ClInclude Include="AShip.hpp">
      <Filter>Fichiers d%27en-tête\graphics</Filter>
    </ClInclude>
    <ClInclude Include="AStatic.hpp">
      <Filter>Fichiers d%27en-tête\graphics</Filter>
    </ClInclude>
    <ClInclude Include="ABlock.hpp">
      <Filter>Fichiers d%27en-tête\graphics</Filter>
    </ClInclude>
    <ClInclude Include="AArea.hpp">
      <Filter>Fichiers d%27en-tête\graphics</Filter>
    </ClInclude>
    <ClInclude Include="LoadArea.hpp">
      <Filter>Fichiers d%27en-tête\graphics</Filter>
    </ClInclude>
    <ClInclude Include="DisplayArea.hpp">
      <Filter>Fichiers d%27en-tête\graphics</Filter>
    </ClInclude>
    <ClInclude Include="UnloadArea.hpp">
      <Filter>Fichiers d%27en-tête\graphics</Filter>
    </ClInclude>
    <ClInclude Include="TCPClient.hpp">
      <Filter>Fichiers d%27en-tête\network</Filter>
    </ClInclude>
    <ClInclude Include="UDPClient.hpp">
      <Filter>Fichiers d%27en-tête\network</Filter>
    </ClInclude>
    <ClInclude Include="IClient.hpp">
      <Filter>Fichiers d%27en-tête\network</Filter>
    </ClInclude>
    <ClInclude Include="XMLReader.hpp">
      <Filter>Fichiers d%27en-tête\tools</Filter>
    </ClInclude>
    <ClInclude Include="CacheManager.hpp">
      <Filter>Fichiers d%27en-tête\tools</Filter>
    </ClInclude>
    <ClInclude Include="IReader.hpp">
      <Filter>Fichiers d%27en-tête\tools</Filter>
    </ClInclude>
    <ClInclude Include="Timer.hpp">
      <Filter>Fichiers d%27en-tête\tools</Filter>
    </ClInclude>
    <ClInclude Include="MemoryFile.hpp">
      <Filter>Fichiers d%27en-tête\tools</Filter>
    </ClInclude>
    <ClInclude Include="IResourceManager.hpp">
      <Filter>Fichiers d%27en-tête\resources</Filter>
    </ClInclude>
    <ClInclude Include="ProjectResource.hpp">
      <Filter>Fichiers d%27en-tête\resources</Filter>
    </ClInclude>
    <ClInclude Include="LevelResource.hpp">
      <Filter>Fichiers d%27en-tête\resources</Filter>
    </ClInclude>
    <ClInclude Include="ISound.hpp">
      <Filter>Fichiers d%27en-tête\resources</Filter>
    </ClInclude>
    <ClInclude Include="MusicBox.hpp">
      <Filter>Fichiers d%27en-tête\resources</Filter>
    </ClInclude>
    <ClInclude Include="SoundBox.hpp">
      <Filter>Fichiers d%27en-tête\resources</Filter>
    </ClInclude>
    <ClInclude Include="APC.hpp">
      <Filter>Fichiers d%27en-tête\graphics</Filter>
    </ClInclude>
    <ClInclude Include="Player.hpp">
      <Filter>Fichiers d%27en-tête\graphics</Filter>
    </ClInclude>
    <ClInclude Include="World.hpp">
      <Filter>Fichiers d%27en-tête\game</Filter>
    </ClInclude>
    <ClInclude Include="FPSCounter.hpp">
      <Filter>Fichiers d%27en-tête\game</Filter>
    </ClInclude>
    <ClInclude Include="Explosion.hpp">
      <Filter>Fichiers d%27en-tête\graphics</Filter>
    </ClInclude>
    <ClInclude Include="InputHandler.hpp">
      <Filter>Fichiers d%27en-tête\game</Filter>
    </ClInclude>
    <ClInclude Include="AExplosion.hpp">
      <Filter>Fichiers d%27en-tête\graphics</Filter>
    </ClInclude>
    <ClInclude Include="..\..\..\api\CMDCollision.hpp">
      <Filter>Fichiers d%27en-tête\protocol</Filter>
    </ClInclude>
    <ClInclude Include="..\..\..\api\CMDConnect.hpp">
      <Filter>Fichiers d%27en-tête\protocol</Filter>
    </ClInclude>
    <ClInclude Include="..\..\..\api\CMDCreateParty.hpp">
      <Filter>Fichiers d%27en-tête\protocol</Filter>
    </ClInclude>
    <ClInclude Include="..\..\..\api\CMDDisconnected.hpp">
      <Filter>Fichiers d%27en-tête\protocol</Filter>
    </ClInclude>
    <ClInclude Include="..\..\..\api\CMDError.hpp">
      <Filter>Fichiers d%27en-tête\protocol</Filter>
    </ClInclude>
    <ClInclude Include="..\..\..\api\CMDFire.hpp">
      <Filter>Fichiers d%27en-tête\protocol</Filter>
    </ClInclude>
    <ClInclude Include="..\..\..\api\CMDMove.hpp">
      <Filter>Fichiers d%27en-tête\protocol</Filter>
    </ClInclude>
    <ClInclude Include="..\..\..\api\CMDPing.hpp">
      <Filter>Fichiers d%27en-tête\protocol</Filter>
    </ClInclude>
    <ClInclude Include="..\..\..\api\CMDSpawn.hpp">
      <Filter>Fichiers d%27en-tête\protocol</Filter>
    </ClInclude>
    <ClInclude Include="..\..\..\api\CommandFactory.hpp">
      <Filter>Fichiers d%27en-tête\protocol</Filter>
    </ClInclude>
    <ClInclude Include="..\..\..\api\ICommand.hpp">
      <Filter>Fichiers d%27en-tête\protocol</Filter>
    </ClInclude>
    <ClInclude Include="..\..\..\api\Protocol.hpp">
      <Filter>Fichiers d%27en-tête\protocol</Filter>
    </ClInclude>
    <ClInclude Include="..\..\..\common\StaticTools.hpp">
      <Filter>Fichiers d%27en-tête\tools</Filter>
    </ClInclude>
    <ClInclude Include="..\..\..\api\CommandType.hpp">
      <Filter>Fichiers d%27en-tête\protocol</Filter>
    </ClInclude>
    <ClInclude Include="Laser.hpp">
      <Filter>Fichiers d%27en-tête\graphics</Filter>
    </ClInclude>
    <ClInclude Include="RequestBuilder.hpp">
      <Filter>Fichiers d%27en-tête\request</Filter>
    </ClInclude>
    <ClInclude Include="RequestHandler.hpp">
      <Filter>Fichiers d%27en-tête\request</Filter>
    </ClInclude>
    <ClInclude Include="IRequest.hpp">
      <Filter>Fichiers d%27en-tête\request</Filter>
    </ClInclude>
    <ClInclude Include="RequestSpawn.hpp">
      <Filter>Fichiers d%27en-tête\request</Filter>
    </ClInclude>
    <ClInclude Include="Mate.hpp">
      <Filter>Fichiers d%27en-tête\graphics</Filter>
    </ClInclude>
    <ClInclude Include="MainMenuResource.hpp">
      <Filter>Fichiers d%27en-tête\resources</Filter>
    </ClInclude>
    <ClInclude Include="RequestDisconnect.hpp">
      <Filter>Fichiers d%27en-tête\request</Filter>
    </ClInclude>
    <ClInclude Include="..\..\..\api\CMDDestroyed.hpp">
      <Filter>Fichiers d%27en-tête\protocol</Filter>
    </ClInclude>
    <ClInclude Include="RequestCollision.hpp">
      <Filter>Fichiers d%27en-tête\request</Filter>
    </ClInclude>
    <ClInclude Include="RequestMove.hpp">
      <Filter>Fichiers d%27en-tête\request</Filter>
    </ClInclude>
    <ClInclude Include="MainMenuController.hpp">
      <Filter>Fichiers d%27en-tête\menu</Filter>
    </ClInclude>
    <ClInclude Include="MenuButton.hpp">
      <Filter>Fichiers d%27en-tête\menu</Filter>
    </ClInclude>
    <ClInclude Include="Background.hpp">
      <Filter>Fichiers d%27en-tête</Filter>
    </ClInclude>
    <ClInclude Include="RequestFire.hpp">
      <Filter>Fichiers d%27en-tête\request</Filter>
    </ClInclude>
    <ClInclude Include="..\..\..\api\CMDScore.hpp">
      <Filter>Fichiers d%27en-tête\protocol</Filter>
    </ClInclude>
    <ClInclude Include="Powdered.hpp">
      <Filter>Fichiers d%27en-tête\graphics</Filter>
    </ClInclude>
    <ClInclude Include="LoadedPowdered.hpp">
      <Filter>Fichiers d%27en-tête\graphics</Filter>
    </ClInclude>
    <ClInclude Include="..\..\..\api\CMDPowder.hpp">
      <Filter>Fichiers d%27en-tête\protocol</Filter>
    </ClInclude>
    <ClInclude Include="RequestPowder.hpp">
      <Filter>Fichiers d%27en-tête\request</Filter>
    </ClInclude>
    <ClInclude Include="GameController.hpp">
      <Filter>Fichiers d%27en-tête\game</Filter>
    </ClInclude>
    <ClInclude Include="ApplicationState.hpp">
      <Filter>Fichiers d%27en-tête\game</Filter>
    </ClInclude>
    <ClInclude Include="LoadingController.hpp">
      <Filter>Fichiers d%27en-tête\game</Filter>
    </ClInclude>
    <ClInclude Include="RequestDestroyed.hpp">
      <Filter>Fichiers d%27en-tête\request</Filter>
    </ClInclude>
    <ClInclude Include="ConnectionLostController.hpp">
      <Filter>Fichiers d%27en-tête\game</Filter>
    </ClInclude>
    <ClInclude Include="HUDController.hpp">
      <Filter>Fichiers d%27en-tête\game</Filter>
    </ClInclude>
    <ClInclude Include="Health.hpp">
      <Filter>Fichiers d%27en-tête\game</Filter>
    </ClInclude>
    <ClInclude Include="LoadedShotLayout.hpp">
      <Filter>Fichiers d%27en-tête\game</Filter>
    </ClInclude>
    <ClInclude Include="..\..\..\api\CMDRespawn.hpp">
      <Filter>Fichiers d%27en-tête\protocol</Filter>
    </ClInclude>
    <ClInclude Include="RequestRespawn.hpp">
      <Filter>Fichiers d%27en-tête\request</Filter>
    </ClInclude>
    <ClInclude Include="..\..\..\api\CMDGetParty.hpp">
      <Filter>Fichiers d%27en-tête\protocol</Filter>
    </ClInclude>
    <ClInclude Include="RequestGetParty.hpp">
      <Filter>Fichiers d%27en-tête\request</Filter>
    </ClInclude>
    <ClInclude Include="..\..\..\api\CMDGameStatus.hpp">
      <Filter>Fichiers d%27en-tête\protocol</Filter>
    </ClInclude>
    <ClInclude Include="RequestGameStatus.hpp">
      <Filter>Fichiers d%27en-tête\request</Filter>
    </ClInclude>
    <ClInclude Include="GameOverController.hpp">
      <Filter>Fichiers d%27en-tête\game</Filter>
    </ClInclude>
    <ClInclude Include="..\..\..\common\Generator.hpp">
      <Filter>Fichiers d%27en-tête\tools</Filter>
    </ClInclude>
  </ItemGroup>
</Project>